
Microsoft Visual Studio Solution File, Format Version 12.00
# Visual Studio Version 17
VisualStudioVersion = 17.4.33213.308
MinimumVisualStudioVersion = 10.0.40219.1
Project("{FAE04EC0-301F-11D3-BF4B-00C04F79EFBC}") = "Module2", "Module2\Module2.csproj", "{DE60DC21-05D9-42CA-820A-3893B3E30875}"
EndProject
Global
	GlobalSection(SolutionConfigurationPlatforms) = preSolution
		Debug|Any CPU = Debug|Any CPU
		Release|Any CPU = Release|Any CPU
	EndGlobalSection
	GlobalSection(ProjectConfigurationPlatforms) = postSolution
		{DE60DC21-05D9-42CA-820A-3893B3E30875}.Debug|Any CPU.ActiveCfg = Debug|Any CPU
		{DE60DC21-05D9-42CA-820A-3893B3E30875}.Debug|Any CPU.Build.0 = Debug|Any CPU
		{DE60DC21-05D9-42CA-820A-3893B3E30875}.Release|Any CPU.ActiveCfg = Release|Any CPU
		{DE60DC21-05D9-42CA-820A-3893B3E30875}.Release|Any CPU.Build.0 = Release|Any CPU
	EndGlobalSection
	GlobalSection(SolutionProperties) = preSolution
		HideSolutionNode = FALSE
	EndGlobalSection
	GlobalSection(ExtensibilityGlobals) = postSolution
		SolutionGuid = {A1FB8DDF-31A6-481D-8825-A9149915A59C}
	EndGlobalSection
EndGlobal
